
Microsoft Visual Studio Solution File, Format Version 12.00
# Visual Studio Version 17
VisualStudioVersion = 17.8.34309.116
MinimumVisualStudioVersion = 10.0.40219.1
Project("{FAE04EC0-301F-11D3-BF4B-00C04F79EFBC}") = "3pr", "3pr.csproj", "{6E17C619-4BC9-40A1-9A52-93110E8745E8}"
EndProject
Project("{FAE04EC0-301F-11D3-BF4B-00C04F79EFBC}") = "Test", "..\Test\Test.csproj", "{C225DA2D-C8DA-4778-AD04-F2C53DF72B6A}"
EndProject
Global
	GlobalSection(SolutionConfigurationPlatforms) = preSolution
		Debug|Any CPU = Debug|Any CPU
		Release|Any CPU = Release|Any CPU
	EndGlobalSection
	GlobalSection(ProjectConfigurationPlatforms) = postSolution
		{6E17C619-4BC9-40A1-9A52-93110E8745E8}.Debug|Any CPU.ActiveCfg = Debug|Any CPU
		{6E17C619-4BC9-40A1-9A52-93110E8745E8}.Debug|Any CPU.Build.0 = Debug|Any CPU
		{6E17C619-4BC9-40A1-9A52-93110E8745E8}.Release|Any CPU.ActiveCfg = Release|Any CPU
		{6E17C619-4BC9-40A1-9A52-93110E8745E8}.Release|Any CPU.Build.0 = Release|Any CPU
		{C225DA2D-C8DA-4778-AD04-F2C53DF72B6A}.Debug|Any CPU.ActiveCfg = Debug|Any CPU
		{C225DA2D-C8DA-4778-AD04-F2C53DF72B6A}.Debug|Any CPU.Build.0 = Debug|Any CPU
		{C225DA2D-C8DA-4778-AD04-F2C53DF72B6A}.Release|Any CPU.ActiveCfg = Release|Any CPU
		{C225DA2D-C8DA-4778-AD04-F2C53DF72B6A}.Release|Any CPU.Build.0 = Release|Any CPU
	EndGlobalSection
	GlobalSection(SolutionProperties) = preSolution
		HideSolutionNode = FALSE
	EndGlobalSection
	GlobalSection(ExtensibilityGlobals) = postSolution
		SolutionGuid = {A33D5D2B-5637-4B39-AE7C-DC26D2C3B206}
	EndGlobalSection
EndGlobal
